
Microsoft Visual Studio Solution File, Format Version 12.00
# Visual Studio 15
VisualStudioVersion = 15.0.28010.2003
MinimumVisualStudioVersion = 10.0.40219.1
Project("{FAE04EC0-301F-11D3-BF4B-00C04F79EFBC}") = "FutboleAR", "FutboleAR\FutboleAR.csproj", "{42723A42-5300-4390-BFB1-96CEFFF5F3BF}"
EndProject
Global
	GlobalSection(SolutionConfigurationPlatforms) = preSolution
		Debug|Any CPU = Debug|Any CPU
		Release|Any CPU = Release|Any CPU
	EndGlobalSection
	GlobalSection(ProjectConfigurationPlatforms) = postSolution
		{42723A42-5300-4390-BFB1-96CEFFF5F3BF}.Debug|Any CPU.ActiveCfg = Debug|Any CPU
		{42723A42-5300-4390-BFB1-96CEFFF5F3BF}.Debug|Any CPU.Build.0 = Debug|Any CPU
		{42723A42-5300-4390-BFB1-96CEFFF5F3BF}.Release|Any CPU.ActiveCfg = Release|Any CPU
		{42723A42-5300-4390-BFB1-96CEFFF5F3BF}.Release|Any CPU.Build.0 = Release|Any CPU
	EndGlobalSection
	GlobalSection(SolutionProperties) = preSolution
		HideSolutionNode = FALSE
	EndGlobalSection
	GlobalSection(ExtensibilityGlobals) = postSolution
		SolutionGuid = {722F5A27-17D1-44FC-97BA-483EDDF34239}
	EndGlobalSection
EndGlobal
