
Microsoft Visual Studio Solution File, Format Version 12.00
# Visual Studio 15
VisualStudioVersion = 15.0.28010.2003
MinimumVisualStudioVersion = 10.0.40219.1
Project("{FAE04EC0-301F-11D3-BF4B-00C04F79EFBC}") = "FutboleAR", "FutboleAR\FutboleAR.csproj", "{FC4CA1FC-5FB7-4B5E-9B32-F53B7903B33E}"
EndProject
Global
	GlobalSection(SolutionConfigurationPlatforms) = preSolution
		Debug|Any CPU = Debug|Any CPU
		Release|Any CPU = Release|Any CPU
	EndGlobalSection
	GlobalSection(ProjectConfigurationPlatforms) = postSolution
		{FC4CA1FC-5FB7-4B5E-9B32-F53B7903B33E}.Debug|Any CPU.ActiveCfg = Debug|Any CPU
		{FC4CA1FC-5FB7-4B5E-9B32-F53B7903B33E}.Debug|Any CPU.Build.0 = Debug|Any CPU
		{FC4CA1FC-5FB7-4B5E-9B32-F53B7903B33E}.Release|Any CPU.ActiveCfg = Release|Any CPU
		{FC4CA1FC-5FB7-4B5E-9B32-F53B7903B33E}.Release|Any CPU.Build.0 = Release|Any CPU
	EndGlobalSection
	GlobalSection(SolutionProperties) = preSolution
		HideSolutionNode = FALSE
	EndGlobalSection
	GlobalSection(ExtensibilityGlobals) = postSolution
		SolutionGuid = {EF7666D8-C852-4E12-98B0-A3A910F0446B}
	EndGlobalSection
EndGlobal
